
Microsoft Visual Studio Solution File, Format Version 12.00
Project("{FAE04EC0-301F-11D3-BF4B-00C04F79EFBC}") = "ConsoleApp", "ConsoleApp\ConsoleApp.csproj", "{F4738410-5BC8-41C6-B799-ADBBAFDEE965}"
EndProject
Project("{FAE04EC0-301F-11D3-BF4B-00C04F79EFBC}") = "MenuSystem", "MenuSystem\MenuSystem.csproj", "{7FAC1B08-E30E-44C6-8546-865CC58013BA}"
EndProject
Project("{FAE04EC0-301F-11D3-BF4B-00C04F79EFBC}") = "BLL", "BLL\BLL.csproj", "{AAB9E124-17A6-4E6E-89F1-56AC00A1CA20}"
EndProject
Project("{FAE04EC0-301F-11D3-BF4B-00C04F79EFBC}") = "ConsoleUI", "ConsoleUI\ConsoleUI.csproj", "{B1856C5C-3C54-4999-B220-D1CEA02EDE23}"
EndProject
Project("{FAE04EC0-301F-11D3-BF4B-00C04F79EFBC}") = "DAL", "DAL\DAL.csproj", "{C7924C8D-ED47-4D5D-B4DE-F0149C01043B}"
EndProject
Project("{FAE04EC0-301F-11D3-BF4B-00C04F79EFBC}") = "ConsoleAppDbTest", "ConsoleAppDbTest\ConsoleAppDbTest.csproj", "{18A6CD63-875F-4EA3-B065-5DC2D845EB26}"
EndProject
Project("{FAE04EC0-301F-11D3-BF4B-00C04F79EFBC}") = "WebApp", "WebApp\WebApp.csproj", "{5A568D35-9C6A-4113-AEBD-DDCA81F8715C}"
EndProject
Global
	GlobalSection(SolutionConfigurationPlatforms) = preSolution
		Debug|Any CPU = Debug|Any CPU
		Release|Any CPU = Release|Any CPU
	EndGlobalSection
	GlobalSection(ProjectConfigurationPlatforms) = postSolution
		{F4738410-5BC8-41C6-B799-ADBBAFDEE965}.Debug|Any CPU.ActiveCfg = Debug|Any CPU
		{F4738410-5BC8-41C6-B799-ADBBAFDEE965}.Debug|Any CPU.Build.0 = Debug|Any CPU
		{F4738410-5BC8-41C6-B799-ADBBAFDEE965}.Release|Any CPU.ActiveCfg = Release|Any CPU
		{F4738410-5BC8-41C6-B799-ADBBAFDEE965}.Release|Any CPU.Build.0 = Release|Any CPU
		{7FAC1B08-E30E-44C6-8546-865CC58013BA}.Debug|Any CPU.ActiveCfg = Debug|Any CPU
		{7FAC1B08-E30E-44C6-8546-865CC58013BA}.Debug|Any CPU.Build.0 = Debug|Any CPU
		{7FAC1B08-E30E-44C6-8546-865CC58013BA}.Release|Any CPU.ActiveCfg = Release|Any CPU
		{7FAC1B08-E30E-44C6-8546-865CC58013BA}.Release|Any CPU.Build.0 = Release|Any CPU
		{AAB9E124-17A6-4E6E-89F1-56AC00A1CA20}.Debug|Any CPU.ActiveCfg = Debug|Any CPU
		{AAB9E124-17A6-4E6E-89F1-56AC00A1CA20}.Debug|Any CPU.Build.0 = Debug|Any CPU
		{AAB9E124-17A6-4E6E-89F1-56AC00A1CA20}.Release|Any CPU.ActiveCfg = Release|Any CPU
		{AAB9E124-17A6-4E6E-89F1-56AC00A1CA20}.Release|Any CPU.Build.0 = Release|Any CPU
		{B1856C5C-3C54-4999-B220-D1CEA02EDE23}.Debug|Any CPU.ActiveCfg = Debug|Any CPU
		{B1856C5C-3C54-4999-B220-D1CEA02EDE23}.Debug|Any CPU.Build.0 = Debug|Any CPU
		{B1856C5C-3C54-4999-B220-D1CEA02EDE23}.Release|Any CPU.ActiveCfg = Release|Any CPU
		{B1856C5C-3C54-4999-B220-D1CEA02EDE23}.Release|Any CPU.Build.0 = Release|Any CPU
		{C7924C8D-ED47-4D5D-B4DE-F0149C01043B}.Debug|Any CPU.ActiveCfg = Debug|Any CPU
		{C7924C8D-ED47-4D5D-B4DE-F0149C01043B}.Debug|Any CPU.Build.0 = Debug|Any CPU
		{C7924C8D-ED47-4D5D-B4DE-F0149C01043B}.Release|Any CPU.ActiveCfg = Release|Any CPU
		{C7924C8D-ED47-4D5D-B4DE-F0149C01043B}.Release|Any CPU.Build.0 = Release|Any CPU
		{18A6CD63-875F-4EA3-B065-5DC2D845EB26}.Debug|Any CPU.ActiveCfg = Debug|Any CPU
		{18A6CD63-875F-4EA3-B065-5DC2D845EB26}.Debug|Any CPU.Build.0 = Debug|Any CPU
		{18A6CD63-875F-4EA3-B065-5DC2D845EB26}.Release|Any CPU.ActiveCfg = Release|Any CPU
		{18A6CD63-875F-4EA3-B065-5DC2D845EB26}.Release|Any CPU.Build.0 = Release|Any CPU
		{5A568D35-9C6A-4113-AEBD-DDCA81F8715C}.Debug|Any CPU.ActiveCfg = Debug|Any CPU
		{5A568D35-9C6A-4113-AEBD-DDCA81F8715C}.Debug|Any CPU.Build.0 = Debug|Any CPU
		{5A568D35-9C6A-4113-AEBD-DDCA81F8715C}.Release|Any CPU.ActiveCfg = Release|Any CPU
		{5A568D35-9C6A-4113-AEBD-DDCA81F8715C}.Release|Any CPU.Build.0 = Release|Any CPU
	EndGlobalSection
	GlobalSection(NestedProjects) = preSolution
	EndGlobalSection
EndGlobal
